
Microsoft Visual Studio Solution File, Format Version 12.00
# Visual Studio Version 17
VisualStudioVersion = 17.6.33829.357
MinimumVisualStudioVersion = 10.0.40219.1
Project("{FAE04EC0-301F-11D3-BF4B-00C04F79EFBC}") = "project", "project\project.csproj", "{3FB96F40-C13B-41E3-80AE-38CB07689D68}"
EndProject
Global
	GlobalSection(SolutionConfigurationPlatforms) = preSolution
		Debug|Any CPU = Debug|Any CPU
		Release|Any CPU = Release|Any CPU
	EndGlobalSection
	GlobalSection(ProjectConfigurationPlatforms) = postSolution
		{3FB96F40-C13B-41E3-80AE-38CB07689D68}.Debug|Any CPU.ActiveCfg = Debug|Any CPU
		{3FB96F40-C13B-41E3-80AE-38CB07689D68}.Debug|Any CPU.Build.0 = Debug|Any CPU
		{3FB96F40-C13B-41E3-80AE-38CB07689D68}.Release|Any CPU.ActiveCfg = Release|Any CPU
		{3FB96F40-C13B-41E3-80AE-38CB07689D68}.Release|Any CPU.Build.0 = Release|Any CPU
	EndGlobalSection
	GlobalSection(SolutionProperties) = preSolution
		HideSolutionNode = FALSE
	EndGlobalSection
	GlobalSection(ExtensibilityGlobals) = postSolution
		SolutionGuid = {FD7B442D-250E-4076-9FB9-FA58D5B7A0D7}
	EndGlobalSection
EndGlobal
